
Microsoft Visual Studio Solution File, Format Version 12.00
# Visual Studio Version 16
VisualStudioVersion = 16.0.29911.84
MinimumVisualStudioVersion = 10.0.40219.1
Project("{9A19103F-16F7-4668-BE54-9A1E7A4F7556}") = "AzureFunctionApp", "AzureFunctionApp\AzureFunctionApp.csproj", "{9E1314E6-67BD-4651-BBF1-E7AA80031630}"
EndProject
Global
	GlobalSection(SolutionConfigurationPlatforms) = preSolution
		Debug|Any CPU = Debug|Any CPU
		Release|Any CPU = Release|Any CPU
	EndGlobalSection
	GlobalSection(ProjectConfigurationPlatforms) = postSolution
		{9E1314E6-67BD-4651-BBF1-E7AA80031630}.Debug|Any CPU.ActiveCfg = Debug|Any CPU
		{9E1314E6-67BD-4651-BBF1-E7AA80031630}.Debug|Any CPU.Build.0 = Debug|Any CPU
		{9E1314E6-67BD-4651-BBF1-E7AA80031630}.Release|Any CPU.ActiveCfg = Release|Any CPU
		{9E1314E6-67BD-4651-BBF1-E7AA80031630}.Release|Any CPU.Build.0 = Release|Any CPU
	EndGlobalSection
	GlobalSection(SolutionProperties) = preSolution
		HideSolutionNode = FALSE
	EndGlobalSection
	GlobalSection(ExtensibilityGlobals) = postSolution
		SolutionGuid = {15EADCF0-77CA-4D88-8692-289D39A9BC77}
	EndGlobalSection
EndGlobal
